
Microsoft Visual Studio Solution File, Format Version 12.00
# Visual Studio Version 17
VisualStudioVersion = 17.11.35327.3
MinimumVisualStudioVersion = 10.0.40219.1
Project("{FAE04EC0-301F-11D3-BF4B-00C04F79EFBC}") = "gitapp", "gitapp\gitapp.csproj", "{8FA1FEDA-6E45-47A1-B955-509E6814710A}"
EndProject
Global
	GlobalSection(SolutionConfigurationPlatforms) = preSolution
		Debug|Any CPU = Debug|Any CPU
		Release|Any CPU = Release|Any CPU
	EndGlobalSection
	GlobalSection(ProjectConfigurationPlatforms) = postSolution
		{8FA1FEDA-6E45-47A1-B955-509E6814710A}.Debug|Any CPU.ActiveCfg = Debug|Any CPU
		{8FA1FEDA-6E45-47A1-B955-509E6814710A}.Debug|Any CPU.Build.0 = Debug|Any CPU
		{8FA1FEDA-6E45-47A1-B955-509E6814710A}.Release|Any CPU.ActiveCfg = Release|Any CPU
		{8FA1FEDA-6E45-47A1-B955-509E6814710A}.Release|Any CPU.Build.0 = Release|Any CPU
	EndGlobalSection
	GlobalSection(SolutionProperties) = preSolution
		HideSolutionNode = FALSE
	EndGlobalSection
	GlobalSection(ExtensibilityGlobals) = postSolution
		SolutionGuid = {7822C455-B8AE-4C45-9412-16012FA87AD3}
	EndGlobalSection
EndGlobal
